<?xml version="1.0" encoding="utf-8"?>
<Project ToolsVersion="4.0" xmlns="http://schemas.microsoft.com/developer/msbuild/2003">
  <ItemGroup>
    <Filter Include="BmUtils">
      <UniqueIdentifier>{fcf03c79-d8b4-41de-bbfe-ff59001405eb}</UniqueIdentifier>
    </Filter>
  </ItemGroup>
  <ItemGroup>
    <ClInclude Include="..\..\BmUtils\bmDebugBreak.h">
      <Filter>BmUtils</Filter>
    </ClInclude>
    <ClInclude Include="..\..\BmUtils\bmUtils.h">
      <Filter>BmUtils</Filter>
    </ClInclude>
    <ClInclude Include="..\..\BmUtils\bmCRC.h">
      <Filter>BmUtils</Filter>
    </ClInclude>
    <ClInclude Include="..\..\BmUtils\bmAtomicSpinLock.h">
      <Filter>BmUtils</Filter>
    </ClInclude>
    <ClInclude Include="..\..\BmUtils\bmBlockAllocator.h">
      <Filter>BmUtils</Filter>
    </ClInclude>
  </ItemGroup>
  <ItemGroup>
    <ClCompile Include="main.cpp" />
  </ItemGroup>
</Project>